
Microsoft Visual Studio Solution File, Format Version 12.00
# Visual Studio Version 16
VisualStudioVersion = 16.0.28922.388
MinimumVisualStudioVersion = 10.0.40219.1
Project("{FAE04EC0-301F-11D3-BF4B-00C04F79EFBC}") = "aps", "aps\aps.csproj", "{6F74CFC8-8A7B-463A-AA63-53B50A996962}"
EndProject
Global
	GlobalSection(SolutionConfigurationPlatforms) = preSolution
		Debug|Any CPU = Debug|Any CPU
		Release|Any CPU = Release|Any CPU
	EndGlobalSection
	GlobalSection(ProjectConfigurationPlatforms) = postSolution
		{6F74CFC8-8A7B-463A-AA63-53B50A996962}.Debug|Any CPU.ActiveCfg = Debug|Any CPU
		{6F74CFC8-8A7B-463A-AA63-53B50A996962}.Debug|Any CPU.Build.0 = Debug|Any CPU
		{6F74CFC8-8A7B-463A-AA63-53B50A996962}.Release|Any CPU.ActiveCfg = Release|Any CPU
		{6F74CFC8-8A7B-463A-AA63-53B50A996962}.Release|Any CPU.Build.0 = Release|Any CPU
	EndGlobalSection
	GlobalSection(SolutionProperties) = preSolution
		HideSolutionNode = FALSE
	EndGlobalSection
	GlobalSection(ExtensibilityGlobals) = postSolution
		SolutionGuid = {AFB73302-0AE3-427F-892E-4456EB9AF586}
	EndGlobalSection
EndGlobal
